
Microsoft Visual Studio Solution File, Format Version 12.00
# Visual Studio Version 17
VisualStudioVersion = 17.6.33723.286
MinimumVisualStudioVersion = 10.0.40219.1
Project("{FAE04EC0-301F-11D3-BF4B-00C04F79EFBC}") = "Sewapp", "Sewapp\Sewapp.csproj", "{869A7DEF-68EA-4B00-8AC4-B1CF64D3D97C}"
EndProject
Global
	GlobalSection(SolutionConfigurationPlatforms) = preSolution
		Debug|Any CPU = Debug|Any CPU
		Release|Any CPU = Release|Any CPU
	EndGlobalSection
	GlobalSection(ProjectConfigurationPlatforms) = postSolution
		{869A7DEF-68EA-4B00-8AC4-B1CF64D3D97C}.Debug|Any CPU.ActiveCfg = Debug|Any CPU
		{869A7DEF-68EA-4B00-8AC4-B1CF64D3D97C}.Debug|Any CPU.Build.0 = Debug|Any CPU
		{869A7DEF-68EA-4B00-8AC4-B1CF64D3D97C}.Release|Any CPU.ActiveCfg = Release|Any CPU
		{869A7DEF-68EA-4B00-8AC4-B1CF64D3D97C}.Release|Any CPU.Build.0 = Release|Any CPU
	EndGlobalSection
	GlobalSection(SolutionProperties) = preSolution
		HideSolutionNode = FALSE
	EndGlobalSection
	GlobalSection(ExtensibilityGlobals) = postSolution
		SolutionGuid = {76807EF9-4574-4506-99CD-B99225246CEB}
	EndGlobalSection
EndGlobal
